{
  "name": "web-components-node",
  "version": "1.0.0",
  "lockfileVersion": 2,
  "requires": true,
  "packages": {
    "": {
      "version": "1.0.0",
      "license": "ISC",
      "dependencies": {
        "@polymer/lit-element": "^0.6.0-dev.6",
        "emoji-rating": "^0.3.0"
      },
      "devDependencies": {
        "@webcomponents/webcomponentsjs": "^2.1.1"
      }
    },
    "node_modules/@polymer/lit-element": {
      "version": "0.6.0-dev.6",
      "resolved": "https://registry.npmjs.org/@polymer/lit-element/-/lit-element-0.6.0-dev.6.tgz",
      "integrity": "sha512-f0qPKjDzkcew36COMrNZqOstnCNuxiAontFdBSyWXcdMve5WenDj6dViMnraNXaYWWV/Vg7/18KroB/Lpix1AQ==",
      "dependencies": {
        "lit-html": "^0.11.0"
      }
    },
    "node_modules/@webcomponents/webcomponentsjs": {
      "version": "2.5.0",
      "resolved": "https://registry.npmjs.org/@webcomponents/webcomponentsjs/-/webcomponentsjs-2.5.0.tgz",
      "integrity": "sha512-C0l51MWQZ9kLzcxOZtniOMohpIFdCLZum7/TEHv3XWFc1Fvt5HCpbSX84x8ltka/JuNKcuiDnxXFkiB2gaePcg==",
      "dev": true
    },
    "node_modules/emoji-rating": {
      "version": "0.3.0",
      "resolved": "https://registry.npmjs.org/emoji-rating/-/emoji-rating-0.3.0.tgz",
      "integrity": "sha512-Nx1ROiWsnqsqrJ6z2JE6Ck1Qp5VFLM7R6YKmS7H81tU2Z66kH3gDxZswLxKlAROsWj5FeDY5ihxNTHAZ5WbYcw==",
      "dependencies": {
        "@polymer/lit-element": "^0.6.0-dev.6"
      }
    },
    "node_modules/lit-html": {
      "version": "0.11.4",
      "resolved": "https://registry.npmjs.org/lit-html/-/lit-html-0.11.4.tgz",
      "integrity": "sha512-yfJUxQrRjhYo4cdz3Db9YlkHs9v+rTZA4fvE/dqCOrA1Q2Bmx52X2OtEgGQ+JhyCb6ddDTndLijZjsSoQ44G7Q=="
    }
  },
  "dependencies": {
    "@polymer/lit-element": {
      "version": "0.6.0-dev.6",
      "resolved": "https://registry.npmjs.org/@polymer/lit-element/-/lit-element-0.6.0-dev.6.tgz",
      "integrity": "sha512-f0qPKjDzkcew36COMrNZqOstnCNuxiAontFdBSyWXcdMve5WenDj6dViMnraNXaYWWV/Vg7/18KroB/Lpix1AQ==",
      "requires": {
        "lit-html": "^0.11.0"
      }
    },
    "@webcomponents/webcomponentsjs": {
      "version": "2.5.0",
      "resolved": "https://registry.npmjs.org/@webcomponents/webcomponentsjs/-/webcomponentsjs-2.5.0.tgz",
      "integrity": "sha512-C0l51MWQZ9kLzcxOZtniOMohpIFdCLZum7/TEHv3XWFc1Fvt5HCpbSX84x8ltka/JuNKcuiDnxXFkiB2gaePcg==",
      "dev": true
    },
    "emoji-rating": {
      "version": "0.3.0",
      "resolved": "https://registry.npmjs.org/emoji-rating/-/emoji-rating-0.3.0.tgz",
      "integrity": "sha512-Nx1ROiWsnqsqrJ6z2JE6Ck1Qp5VFLM7R6YKmS7H81tU2Z66kH3gDxZswLxKlAROsWj5FeDY5ihxNTHAZ5WbYcw==",
      "requires": {
        "@polymer/lit-element": "^0.6.0-dev.6"
      }
    },
    "lit-html": {
      "version": "0.11.4",
      "resolved": "https://registry.npmjs.org/lit-html/-/lit-html-0.11.4.tgz",
      "integrity": "sha512-yfJUxQrRjhYo4cdz3Db9YlkHs9v+rTZA4fvE/dqCOrA1Q2Bmx52X2OtEgGQ+JhyCb6ddDTndLijZjsSoQ44G7Q=="
    }
  }
}
